{
  "name": "@arcane-cli/init",
  "version": "0.0.4",
  "lockfileVersion": 2,
  "requires": true,
  "packages": {
    "": {
      "name": "@arcane-cli/init",
      "version": "0.0.3",
      "license": "ISC",
      "dependencies": {
        "@arcane-cli/command": "file:../../models/command",
        "@arcane-cli/log": "file:../../utils/log"
      }
    },
    "../../models/command": {
      "version": "0.0.3",
      "license": "ISC",
      "dependencies": {
        "@arcane-cli/log": "file:../../utils/log",
        "colors": "^1.4.0",
        "semver": "^7.3.5"
      }
    },
    "../../utils/log": {
      "version": "0.0.3",
      "license": "ISC",
      "dependencies": {
        "npmlog": "^6.0.1"
      }
    },
    "node_modules/@arcane-cli/command": {
      "resolved": "../../models/command",
      "link": true
    },
    "node_modules/@arcane-cli/log": {
      "resolved": "../../utils/log",
      "link": true
    }
  },
  "dependencies": {
    "@arcane-cli/command": {
      "version": "file:../../models/command",
      "requires": {
        "@arcane-cli/log": "file:../../utils/log",
        "colors": "^1.4.0",
        "semver": "^7.3.5"
      }
    },
    "@arcane-cli/log": {
      "version": "file:../../utils/log",
      "requires": {
        "npmlog": "^6.0.1"
      }
    }
  }
}
