{
  "name": "@arcane-cli/exec",
  "version": "0.0.6",
  "lockfileVersion": 2,
  "requires": true,
  "packages": {
    "": {
      "name": "@arcane-cli/exec",
      "version": "0.0.5",
      "license": "ISC",
      "dependencies": {
        "@arcane-cli/log": "file:../../utils/log",
        "@arcane-cli/package": "file:../../models/package",
        "@arcane-cli/utils": "file:../../utils/utils"
      }
    },
    "../../modeles/package": {
      "extraneous": true
    },
    "../../models/package": {
      "name": "@arcane-cli/package",
      "version": "0.0.5",
      "license": "ISC",
      "dependencies": {
        "@arcane-cli/npm-info": "file:../../utils/npm-info",
        "@arcane-cli/utils": "file:../../utils/utils",
        "fs-extra": "^9.0.1",
        "npminstall": "^4.10.0",
        "path-exists": "^4.0.0",
        "pkg-dir": "^5.0.0"
      }
    },
    "../../utils/log": {
      "name": "@arcane-cli/log",
      "version": "0.0.5",
      "license": "ISC",
      "dependencies": {
        "npmlog": "^6.0.1"
      }
    },
    "../../utils/utils": {
      "version": "0.0.5",
      "license": "ISC",
      "dependencies": {
        "cli-spinner": "^0.2.10"
      }
    },
    "node_modules/@arcane-cli/log": {
      "resolved": "../../utils/log",
      "link": true
    },
    "node_modules/@arcane-cli/package": {
      "resolved": "../../models/package",
      "link": true
    },
    "node_modules/@arcane-cli/utils": {
      "resolved": "../../utils/utils",
      "link": true
    }
  },
  "dependencies": {
    "@arcane-cli/log": {
      "version": "file:../../utils/log",
      "requires": {
        "npmlog": "^6.0.1"
      }
    },
    "@arcane-cli/package": {
      "version": "file:../../models/package",
      "requires": {
        "@arcane-cli/npm-info": "file:../../utils/npm-info",
        "@arcane-cli/utils": "file:../../utils/utils",
        "fs-extra": "^9.0.1",
        "npminstall": "^4.10.0",
        "path-exists": "^4.0.0",
        "pkg-dir": "^5.0.0"
      }
    },
    "@arcane-cli/utils": {
      "version": "file:../../utils/utils",
      "requires": {
        "cli-spinner": "^0.2.10"
      }
    }
  }
}
